
Microsoft Visual Studio Solution File, Format Version 12.00
# Visual Studio Version 16
VisualStudioVersion = 16.0.31515.178
MinimumVisualStudioVersion = 10.0.40219.1
Project("{9A19103F-16F7-4668-BE54-9A1E7A4F7556}") = "OS", "OS\OS.csproj", "{4CEB0507-58F5-4869-BDEC-F9E09F2A0445}"
EndProject
Project("{9A19103F-16F7-4668-BE54-9A1E7A4F7556}") = "OS.Domain", "OS.Domain\OS.Domain.csproj", "{6607C64F-C351-4419-9CA7-8E55F60E4B4B}"
EndProject
Project("{9A19103F-16F7-4668-BE54-9A1E7A4F7556}") = "OS.Data", "OS.Data\OS.Data.csproj", "{E33D0845-6750-46C6-8CCE-C6295496A2DF}"
EndProject
Project("{9A19103F-16F7-4668-BE54-9A1E7A4F7556}") = "OS.Service", "OS.Service\OS.Service.csproj", "{F876BA22-BAFB-4441-B065-CEB00BDC877C}"
EndProject
Global
	GlobalSection(SolutionConfigurationPlatforms) = preSolution
		Debug|Any CPU = Debug|Any CPU
		Release|Any CPU = Release|Any CPU
	EndGlobalSection
	GlobalSection(ProjectConfigurationPlatforms) = postSolution
		{4CEB0507-58F5-4869-BDEC-F9E09F2A0445}.Debug|Any CPU.ActiveCfg = Debug|Any CPU
		{4CEB0507-58F5-4869-BDEC-F9E09F2A0445}.Debug|Any CPU.Build.0 = Debug|Any CPU
		{4CEB0507-58F5-4869-BDEC-F9E09F2A0445}.Release|Any CPU.ActiveCfg = Release|Any CPU
		{4CEB0507-58F5-4869-BDEC-F9E09F2A0445}.Release|Any CPU.Build.0 = Release|Any CPU
		{6607C64F-C351-4419-9CA7-8E55F60E4B4B}.Debug|Any CPU.ActiveCfg = Debug|Any CPU
		{6607C64F-C351-4419-9CA7-8E55F60E4B4B}.Debug|Any CPU.Build.0 = Debug|Any CPU
		{6607C64F-C351-4419-9CA7-8E55F60E4B4B}.Release|Any CPU.ActiveCfg = Release|Any CPU
		{6607C64F-C351-4419-9CA7-8E55F60E4B4B}.Release|Any CPU.Build.0 = Release|Any CPU
		{E33D0845-6750-46C6-8CCE-C6295496A2DF}.Debug|Any CPU.ActiveCfg = Debug|Any CPU
		{E33D0845-6750-46C6-8CCE-C6295496A2DF}.Debug|Any CPU.Build.0 = Debug|Any CPU
		{E33D0845-6750-46C6-8CCE-C6295496A2DF}.Release|Any CPU.ActiveCfg = Release|Any CPU
		{E33D0845-6750-46C6-8CCE-C6295496A2DF}.Release|Any CPU.Build.0 = Release|Any CPU
		{F876BA22-BAFB-4441-B065-CEB00BDC877C}.Debug|Any CPU.ActiveCfg = Debug|Any CPU
		{F876BA22-BAFB-4441-B065-CEB00BDC877C}.Debug|Any CPU.Build.0 = Debug|Any CPU
		{F876BA22-BAFB-4441-B065-CEB00BDC877C}.Release|Any CPU.ActiveCfg = Release|Any CPU
		{F876BA22-BAFB-4441-B065-CEB00BDC877C}.Release|Any CPU.Build.0 = Release|Any CPU
	EndGlobalSection
	GlobalSection(SolutionProperties) = preSolution
		HideSolutionNode = FALSE
	EndGlobalSection
	GlobalSection(ExtensibilityGlobals) = postSolution
		SolutionGuid = {513D21A3-F95B-437D-B9E4-103E8F77B663}
	EndGlobalSection
EndGlobal
